
Microsoft Visual Studio Solution File, Format Version 12.00
# Visual Studio 15
VisualStudioVersion = 15.0.26430.14
MinimumVisualStudioVersion = 10.0.40219.1
Project("{FAE04EC0-301F-11D3-BF4B-00C04F79EFBC}") = "PhysicalCountsHub.Client.WPF", "PhysicalCountsHub.Client.WPF\PhysicalCountsHub.Client.WPF.csproj", "{96F9EB38-C09D-463C-A4E0-2AE0A5543E7E}"
EndProject
Project("{FAE04EC0-301F-11D3-BF4B-00C04F79EFBC}") = "PhysicalCountsHub.Client.SampleApp", "PhysicalCountsHub.Client.SampleApp\PhysicalCountsHub.Client.SampleApp.csproj", "{6C08C0D8-7717-456E-AF0B-55E8FE312C40}"
EndProject
Project("{FAE04EC0-301F-11D3-BF4B-00C04F79EFBC}") = "PhysicalCountsHub.Server.App", "PhysicalCountsHub.Server.App\PhysicalCountsHub.Server.App.csproj", "{0D961397-A34D-42FE-B6D0-D04AC7595C02}"
EndProject
Project("{FAE04EC0-301F-11D3-BF4B-00C04F79EFBC}") = "PhysicalCountsHub.Common.API", "PhysicalCountsHub.Common.API\PhysicalCountsHub.Common.API.csproj", "{0540C766-50E1-44F0-8089-84E4F182C0EE}"
EndProject
Global
	GlobalSection(SolutionConfigurationPlatforms) = preSolution
		Debug|Any CPU = Debug|Any CPU
		Release|Any CPU = Release|Any CPU
	EndGlobalSection
	GlobalSection(ProjectConfigurationPlatforms) = postSolution
		{96F9EB38-C09D-463C-A4E0-2AE0A5543E7E}.Debug|Any CPU.ActiveCfg = Debug|Any CPU
		{96F9EB38-C09D-463C-A4E0-2AE0A5543E7E}.Debug|Any CPU.Build.0 = Debug|Any CPU
		{96F9EB38-C09D-463C-A4E0-2AE0A5543E7E}.Release|Any CPU.ActiveCfg = Release|Any CPU
		{96F9EB38-C09D-463C-A4E0-2AE0A5543E7E}.Release|Any CPU.Build.0 = Release|Any CPU
		{6C08C0D8-7717-456E-AF0B-55E8FE312C40}.Debug|Any CPU.ActiveCfg = Debug|Any CPU
		{6C08C0D8-7717-456E-AF0B-55E8FE312C40}.Debug|Any CPU.Build.0 = Debug|Any CPU
		{6C08C0D8-7717-456E-AF0B-55E8FE312C40}.Release|Any CPU.ActiveCfg = Release|Any CPU
		{6C08C0D8-7717-456E-AF0B-55E8FE312C40}.Release|Any CPU.Build.0 = Release|Any CPU
		{0D961397-A34D-42FE-B6D0-D04AC7595C02}.Debug|Any CPU.ActiveCfg = Debug|Any CPU
		{0D961397-A34D-42FE-B6D0-D04AC7595C02}.Debug|Any CPU.Build.0 = Debug|Any CPU
		{0D961397-A34D-42FE-B6D0-D04AC7595C02}.Release|Any CPU.ActiveCfg = Release|Any CPU
		{0D961397-A34D-42FE-B6D0-D04AC7595C02}.Release|Any CPU.Build.0 = Release|Any CPU
		{0540C766-50E1-44F0-8089-84E4F182C0EE}.Debug|Any CPU.ActiveCfg = Debug|Any CPU
		{0540C766-50E1-44F0-8089-84E4F182C0EE}.Debug|Any CPU.Build.0 = Debug|Any CPU
		{0540C766-50E1-44F0-8089-84E4F182C0EE}.Release|Any CPU.ActiveCfg = Release|Any CPU
		{0540C766-50E1-44F0-8089-84E4F182C0EE}.Release|Any CPU.Build.0 = Release|Any CPU
	EndGlobalSection
	GlobalSection(SolutionProperties) = preSolution
		HideSolutionNode = FALSE
	EndGlobalSection
EndGlobal
